
Microsoft Visual Studio Solution File, Format Version 12.00
# Visual Studio Version 17
VisualStudioVersion = 17.0.31903.59
MinimumVisualStudioVersion = 10.0.40219.1
Project("{2150E333-8FDC-42A3-9474-1A3956D46DE8}") = "src", "src", "{827E0CD3-B72D-47B6-A68D-7590B98EB39B}"
EndProject
Project("{FAE04EC0-301F-11D3-BF4B-00C04F79EFBC}") = "Wiz.Utility", "src\Wiz.Utility\Wiz.Utility.csproj", "{7623FA85-2DA7-494F-9F2A-4194AC5A390E}"
EndProject
Project("{2150E333-8FDC-42A3-9474-1A3956D46DE8}") = "tests", "tests", "{02EA681E-C7D8-13C7-8484-4AC65E1B71E8}"
EndProject
Project("{FAE04EC0-301F-11D3-BF4B-00C04F79EFBC}") = "Wiz.Utility.Test", "tests\Wiz.Utility.Test\Wiz.Utility.Test.csproj", "{3242165F-A715-4750-8532-2304DC52C0B0}"
EndProject
Global
	GlobalSection(SolutionConfigurationPlatforms) = preSolution
		Debug|Any CPU = Debug|Any CPU
		Debug|x64 = Debug|x64
		Debug|x86 = Debug|x86
		Release|Any CPU = Release|Any CPU
		Release|x64 = Release|x64
		Release|x86 = Release|x86
	EndGlobalSection
	GlobalSection(ProjectConfigurationPlatforms) = postSolution
		{7623FA85-2DA7-494F-9F2A-4194AC5A390E}.Debug|Any CPU.ActiveCfg = Debug|Any CPU
		{7623FA85-2DA7-494F-9F2A-4194AC5A390E}.Debug|Any CPU.Build.0 = Debug|Any CPU
		{7623FA85-2DA7-494F-9F2A-4194AC5A390E}.Debug|x64.ActiveCfg = Debug|Any CPU
		{7623FA85-2DA7-494F-9F2A-4194AC5A390E}.Debug|x64.Build.0 = Debug|Any CPU
		{7623FA85-2DA7-494F-9F2A-4194AC5A390E}.Debug|x86.ActiveCfg = Debug|Any CPU
		{7623FA85-2DA7-494F-9F2A-4194AC5A390E}.Debug|x86.Build.0 = Debug|Any CPU
		{7623FA85-2DA7-494F-9F2A-4194AC5A390E}.Release|Any CPU.ActiveCfg = Release|Any CPU
		{7623FA85-2DA7-494F-9F2A-4194AC5A390E}.Release|Any CPU.Build.0 = Release|Any CPU
		{7623FA85-2DA7-494F-9F2A-4194AC5A390E}.Release|x64.ActiveCfg = Release|Any CPU
		{7623FA85-2DA7-494F-9F2A-4194AC5A390E}.Release|x64.Build.0 = Release|Any CPU
		{7623FA85-2DA7-494F-9F2A-4194AC5A390E}.Release|x86.ActiveCfg = Release|Any CPU
		{7623FA85-2DA7-494F-9F2A-4194AC5A390E}.Release|x86.Build.0 = Release|Any CPU
		{3242165F-A715-4750-8532-2304DC52C0B0}.Debug|Any CPU.ActiveCfg = Debug|Any CPU
		{3242165F-A715-4750-8532-2304DC52C0B0}.Debug|Any CPU.Build.0 = Debug|Any CPU
		{3242165F-A715-4750-8532-2304DC52C0B0}.Debug|x64.ActiveCfg = Debug|Any CPU
		{3242165F-A715-4750-8532-2304DC52C0B0}.Debug|x64.Build.0 = Debug|Any CPU
		{3242165F-A715-4750-8532-2304DC52C0B0}.Debug|x86.ActiveCfg = Debug|Any CPU
		{3242165F-A715-4750-8532-2304DC52C0B0}.Debug|x86.Build.0 = Debug|Any CPU
		{3242165F-A715-4750-8532-2304DC52C0B0}.Release|Any CPU.ActiveCfg = Release|Any CPU
		{3242165F-A715-4750-8532-2304DC52C0B0}.Release|Any CPU.Build.0 = Release|Any CPU
		{3242165F-A715-4750-8532-2304DC52C0B0}.Release|x64.ActiveCfg = Release|Any CPU
		{3242165F-A715-4750-8532-2304DC52C0B0}.Release|x64.Build.0 = Release|Any CPU
		{3242165F-A715-4750-8532-2304DC52C0B0}.Release|x86.ActiveCfg = Release|Any CPU
		{3242165F-A715-4750-8532-2304DC52C0B0}.Release|x86.Build.0 = Release|Any CPU
	EndGlobalSection
	GlobalSection(SolutionProperties) = preSolution
		HideSolutionNode = FALSE
	EndGlobalSection
	GlobalSection(NestedProjects) = preSolution
		{7623FA85-2DA7-494F-9F2A-4194AC5A390E} = {827E0CD3-B72D-47B6-A68D-7590B98EB39B}
		{3242165F-A715-4750-8532-2304DC52C0B0} = {02EA681E-C7D8-13C7-8484-4AC65E1B71E8}
	EndGlobalSection
	GlobalSection(ExtensibilityGlobals) = postSolution
		SolutionGuid = {A0BF48E6-09A7-436C-85AE-2599ADF80ACA}
	EndGlobalSection
EndGlobal
